// !$*UTF8*$!
{
	archiveVersion = 1;
	classes = {
	};
	objectVersion = 77;
	objects = {

/* Begin PBXBuildFile section */
		8B9D14022D5AB441003EF58D /* FirebaseAnalytics in Frameworks */ = {isa = PBXBuildFile; productRef = 8B9D14012D5AB441003EF58D /* FirebaseAnalytics */; };
		8B9D14042D5AB441003EF58D /* FirebaseAuth in Frameworks */ = {isa = PBXBuildFile; productRef = 8B9D14032D5AB441003EF58D /* FirebaseAuth */; };
		8B9D14062D5AB441003EF58D /* FirebaseCore in Frameworks */ = {isa = PBXBuildFile; productRef = 8B9D14052D5AB441003EF58D /* FirebaseCore */; };
		8B9D14082D5AB441003EF58D /* FirebaseFirestore in Frameworks */ = {isa = PBXBuildFile; productRef = 8B9D14072D5AB441003EF58D /* FirebaseFirestore */; };
		8B9D140A2D5AB441003EF58D /* FirebaseFunctions in Frameworks */ = {isa = PBXBuildFile; productRef = 8B9D14092D5AB441003EF58D /* FirebaseFunctions */; };
		8B9D140C2D5AB441003EF58D /* FirebaseRemoteConfig in Frameworks */ = {isa = PBXBuildFile; productRef = 8B9D140B2D5AB441003EF58D /* FirebaseRemoteConfig */; };
		8B9D140E2D5AB441003EF58D /* FirebaseStorage in Frameworks */ = {isa = PBXBuildFile; productRef = 8B9D140D2D5AB441003EF58D /* FirebaseStorage */; };
		8B9D14102D5AB469003EF58D /* FirebaseAuth in Frameworks */ = {isa = PBXBuildFile; productRef = 8B9D140F2D5AB469003EF58D /* FirebaseAuth */; };
		8B9D14122D5AB469003EF58D /* FirebaseFirestore in Frameworks */ = {isa = PBXBuildFile; productRef = 8B9D14112D5AB469003EF58D /* FirebaseFirestore */; };
		8B9D14142D5AB469003EF58D /* FirebaseFunctions in Frameworks */ = {isa = PBXBuildFile; productRef = 8B9D14132D5AB469003EF58D /* FirebaseFunctions */; };
		8B9D14162D5AB469003EF58D /* FirebaseStorage in Frameworks */ = {isa = PBXBuildFile; productRef = 8B9D14152D5AB469003EF58D /* FirebaseStorage */; };
/* End PBXBuildFile section */

/* Begin PBXContainerItemProxy section */
		8B0CBC882D5A752D003EF58D /* PBXContainerItemProxy */ = {
			isa = PBXContainerItemProxy;
			containerPortal = 8B0CBC6C2D5A752C003EF58D /* Project object */;
			proxyType = 1;
			remoteGlobalIDString = 8B0CBC732D5A752C003EF58D;
			remoteInfo = aiaio;
		};
		8B0CBC922D5A752D003EF58D /* PBXContainerItemProxy */ = {
			isa = PBXContainerItemProxy;
			containerPortal = 8B0CBC6C2D5A752C003EF58D /* Project object */;
			proxyType = 1;
			remoteGlobalIDString = 8B0CBC732D5A752C003EF58D;
			remoteInfo = aiaio;
		};
/* End PBXContainerItemProxy section */

/* Begin PBXFileReference section */
		8B0CBC742D5A752C003EF58D /* aiaio.app */ = {isa = PBXFileReference; explicitFileType = wrapper.application; includeInIndex = 0; path = aiaio.app; sourceTree = BUILT_PRODUCTS_DIR; };
		8B0CBC872D5A752D003EF58D /* aiaioTests.xctest */ = {isa = PBXFileReference; explicitFileType = wrapper.cfbundle; includeInIndex = 0; path = aiaioTests.xctest; sourceTree = BUILT_PRODUCTS_DIR; };
		8B0CBC912D5A752D003EF58D /* aiaioUITests.xctest */ = {isa = PBXFileReference; explicitFileType = wrapper.cfbundle; includeInIndex = 0; path = aiaioUITests.xctest; sourceTree = BUILT_PRODUCTS_DIR; };
/* End PBXFileReference section */

/* Begin PBXFileSystemSynchronizedRootGroup section */
		8B0CBC762D5A752C003EF58D /* aiaio */ = {
			isa = PBXFileSystemSynchronizedRootGroup;
			path = aiaio;
			sourceTree = "<group>";
		};
		8B0CBC8A2D5A752D003EF58D /* aiaioTests */ = {
			isa = PBXFileSystemSynchronizedRootGroup;
			path = aiaioTests;
			sourceTree = "<group>";
		};
		8B0CBC942D5A752D003EF58D /* aiaioUITests */ = {
			isa = PBXFileSystemSynchronizedRootGroup;
			path = aiaioUITests;
			sourceTree = "<group>";
		};
/* End PBXFileSystemSynchronizedRootGroup section */

/* Begin PBXFrameworksBuildPhase section */
		8B0CBC712D5A752C003EF58D /* Frameworks */ = {
			isa = PBXFrameworksBuildPhase;
			buildActionMask = 2147483647;
			files = (
				8B9D14022D5AB441003EF58D /* FirebaseAnalytics in Frameworks */,
				8B9D14082D5AB441003EF58D /* FirebaseFirestore in Frameworks */,
				8B9D140A2D5AB441003EF58D /* FirebaseFunctions in Frameworks */,
				8B9D140C2D5AB441003EF58D /* FirebaseRemoteConfig in Frameworks */,
				8B9D140E2D5AB441003EF58D /* FirebaseStorage in Frameworks */,
				8B9D14062D5AB441003EF58D /* FirebaseCore in Frameworks */,
				8B9D14042D5AB441003EF58D /* FirebaseAuth in Frameworks */,
			);
			runOnlyForDeploymentPostprocessing = 0;
		};
		8B0CBC842D5A752D003EF58D /* Frameworks */ = {
			isa = PBXFrameworksBuildPhase;
			buildActionMask = 2147483647;
			files = (
				8B9D14142D5AB469003EF58D /* FirebaseFunctions in Frameworks */,
				8B9D14162D5AB469003EF58D /* FirebaseStorage in Frameworks */,
				8B9D14102D5AB469003EF58D /* FirebaseAuth in Frameworks */,
				8B9D14122D5AB469003EF58D /* FirebaseFirestore in Frameworks */,
			);
			runOnlyForDeploymentPostprocessing = 0;
		};
		8B0CBC8E2D5A752D003EF58D /* Frameworks */ = {
			isa = PBXFrameworksBuildPhase;
			buildActionMask = 2147483647;
			files = (
			);
			runOnlyForDeploymentPostprocessing = 0;
		};
/* End PBXFrameworksBuildPhase section */

/* Begin PBXGroup section */
		8B0CBC6B2D5A752C003EF58D = {
			isa = PBXGroup;
			children = (
				8B0CBC762D5A752C003EF58D /* aiaio */,
				8B0CBC8A2D5A752D003EF58D /* aiaioTests */,
				8B0CBC942D5A752D003EF58D /* aiaioUITests */,
				8B0CBC752D5A752C003EF58D /* Products */,
			);
			sourceTree = "<group>";
		};
		8B0CBC752D5A752C003EF58D /* Products */ = {
			isa = PBXGroup;
			children = (
				8B0CBC742D5A752C003EF58D /* aiaio.app */,
				8B0CBC872D5A752D003EF58D /* aiaioTests.xctest */,
				8B0CBC912D5A752D003EF58D /* aiaioUITests.xctest */,
			);
			name = Products;
			sourceTree = "<group>";
		};
/* End PBXGroup section */

/* Begin PBXNativeTarget section */
		8B0CBC732D5A752C003EF58D /* aiaio */ = {
			isa = PBXNativeTarget;
			buildConfigurationList = 8B0CBC9B2D5A752D003EF58D /* Build configuration list for PBXNativeTarget "aiaio" */;
			buildPhases = (
				8B0CBC702D5A752C003EF58D /* Sources */,
				8B0CBC712D5A752C003EF58D /* Frameworks */,
				8B0CBC722D5A752C003EF58D /* Resources */,
			);
			buildRules = (
			);
			dependencies = (
			);
			fileSystemSynchronizedGroups = (
				8B0CBC762D5A752C003EF58D /* aiaio */,
			);
			name = aiaio;
			packageProductDependencies = (
				8B9D14012D5AB441003EF58D /* FirebaseAnalytics */,
				8B9D14032D5AB441003EF58D /* FirebaseAuth */,
				8B9D14052D5AB441003EF58D /* FirebaseCore */,
				8B9D14072D5AB441003EF58D /* FirebaseFirestore */,
				8B9D14092D5AB441003EF58D /* FirebaseFunctions */,
				8B9D140B2D5AB441003EF58D /* FirebaseRemoteConfig */,
				8B9D140D2D5AB441003EF58D /* FirebaseStorage */,
			);
			productName = aiaio;
			productReference = 8B0CBC742D5A752C003EF58D /* aiaio.app */;
			productType = "com.apple.product-type.application";
		};
		8B0CBC862D5A752D003EF58D /* aiaioTests */ = {
			isa = PBXNativeTarget;
			buildConfigurationList = 8B0CBC9E2D5A752D003EF58D /* Build configuration list for PBXNativeTarget "aiaioTests" */;
			buildPhases = (
				8B0CBC832D5A752D003EF58D /* Sources */,
				8B0CBC842D5A752D003EF58D /* Frameworks */,
				8B0CBC852D5A752D003EF58D /* Resources */,
			);
			buildRules = (
			);
			dependencies = (
				8B0CBC892D5A752D003EF58D /* PBXTargetDependency */,
			);
			fileSystemSynchronizedGroups = (
				8B0CBC8A2D5A752D003EF58D /* aiaioTests */,
			);
			name = aiaioTests;
			packageProductDependencies = (
				8B9D140F2D5AB469003EF58D /* FirebaseAuth */,
				8B9D14112D5AB469003EF58D /* FirebaseFirestore */,
				8B9D14132D5AB469003EF58D /* FirebaseFunctions */,
				8B9D14152D5AB469003EF58D /* FirebaseStorage */,
			);
			productName = aiaioTests;
			productReference = 8B0CBC872D5A752D003EF58D /* aiaioTests.xctest */;
			productType = "com.apple.product-type.bundle.unit-test";
		};
		8B0CBC902D5A752D003EF58D /* aiaioUITests */ = {
			isa = PBXNativeTarget;
			buildConfigurationList = 8B0CBCA12D5A752D003EF58D /* Build configuration list for PBXNativeTarget "aiaioUITests" */;
			buildPhases = (
				8B0CBC8D2D5A752D003EF58D /* Sources */,
				8B0CBC8E2D5A752D003EF58D /* Frameworks */,
				8B0CBC8F2D5A752D003EF58D /* Resources */,
			);
			buildRules = (
			);
			dependencies = (
				8B0CBC932D5A752D003EF58D /* PBXTargetDependency */,
			);
			fileSystemSynchronizedGroups = (
				8B0CBC942D5A752D003EF58D /* aiaioUITests */,
			);
			name = aiaioUITests;
			packageProductDependencies = (
			);
			productName = aiaioUITests;
			productReference = 8B0CBC912D5A752D003EF58D /* aiaioUITests.xctest */;
			productType = "com.apple.product-type.bundle.ui-testing";
		};
/* End PBXNativeTarget section */

/* Begin PBXProject section */
		8B0CBC6C2D5A752C003EF58D /* Project object */ = {
			isa = PBXProject;
			attributes = {
				BuildIndependentTargetsInParallel = 1;
				LastSwiftUpdateCheck = 1620;
				LastUpgradeCheck = 1620;
				TargetAttributes = {
					8B0CBC732D5A752C003EF58D = {
						CreatedOnToolsVersion = 16.2;
					};
					8B0CBC862D5A752D003EF58D = {
						CreatedOnToolsVersion = 16.2;
						TestTargetID = 8B0CBC732D5A752C003EF58D;
					};
					8B0CBC902D5A752D003EF58D = {
						CreatedOnToolsVersion = 16.2;
						TestTargetID = 8B0CBC732D5A752C003EF58D;
					};
				};
			};
			buildConfigurationList = 8B0CBC6F2D5A752C003EF58D /* Build configuration list for PBXProject "aiaio" */;
			developmentRegion = en;
			hasScannedForEncodings = 0;
			knownRegions = (
				en,
				Base,
			);
			mainGroup = 8B0CBC6B2D5A752C003EF58D;
			minimizedProjectReferenceProxies = 1;
			packageReferences = (
				8B9D14002D5AB441003EF58D /* XCRemoteSwiftPackageReference "firebase-ios-sdk" */,
			);
			preferredProjectObjectVersion = 77;
			productRefGroup = 8B0CBC752D5A752C003EF58D /* Products */;
			projectDirPath = "";
			projectRoot = "";
			targets = (
				8B0CBC732D5A752C003EF58D /* aiaio */,
				8B0CBC862D5A752D003EF58D /* aiaioTests */,
				8B0CBC902D5A752D003EF58D /* aiaioUITests */,
			);
		};
/* End PBXProject section */

/* Begin PBXResourcesBuildPhase section */
		8B0CBC722D5A752C003EF58D /* Resources */ = {
			isa = PBXResourcesBuildPhase;
			buildActionMask = 2147483647;
			files = (
			);
			runOnlyForDeploymentPostprocessing = 0;
		};
		8B0CBC852D5A752D003EF58D /* Resources */ = {
			isa = PBXResourcesBuildPhase;
			buildActionMask = 2147483647;
			files = (
			);
			runOnlyForDeploymentPostprocessing = 0;
		};
		8B0CBC8F2D5A752D003EF58D /* Resources */ = {
			isa = PBXResourcesBuildPhase;
			buildActionMask = 2147483647;
			files = (
			);
			runOnlyForDeploymentPostprocessing = 0;
		};
/* End PBXResourcesBuildPhase section */

/* Begin PBXSourcesBuildPhase section */
		8B0CBC702D5A752C003EF58D /* Sources */ = {
			isa = PBXSourcesBuildPhase;
			buildActionMask = 2147483647;
			files = (
			);
			runOnlyForDeploymentPostprocessing = 0;
		};
		8B0CBC832D5A752D003EF58D /* Sources */ = {
			isa = PBXSourcesBuildPhase;
			buildActionMask = 2147483647;
			files = (
			);
			runOnlyForDeploymentPostprocessing = 0;
		};
		8B0CBC8D2D5A752D003EF58D /* Sources */ = {
			isa = PBXSourcesBuildPhase;
			buildActionMask = 2147483647;
			files = (
			);
			runOnlyForDeploymentPostprocessing = 0;
		};
/* End PBXSourcesBuildPhase section */

/* Begin PBXTargetDependency section */
		8B0CBC892D5A752D003EF58D /* PBXTargetDependency */ = {
			isa = PBXTargetDependency;
			target = 8B0CBC732D5A752C003EF58D /* aiaio */;
			targetProxy = 8B0CBC882D5A752D003EF58D /* PBXContainerItemProxy */;
		};
		8B0CBC932D5A752D003EF58D /* PBXTargetDependency */ = {
			isa = PBXTargetDependency;
			target = 8B0CBC732D5A752C003EF58D /* aiaio */;
			targetProxy = 8B0CBC922D5A752D003EF58D /* PBXContainerItemProxy */;
		};
/* End PBXTargetDependency section */

/* Begin XCBuildConfiguration section */
		8B0CBC992D5A752D003EF58D /* Debug */ = {
			isa = XCBuildConfiguration;
			buildSettings = {
				ALWAYS_SEARCH_USER_PATHS = NO;
				ASSETCATALOG_COMPILER_GENERATE_SWIFT_ASSET_SYMBOL_EXTENSIONS = YES;
				CLANG_ANALYZER_NONNULL = YES;
				CLANG_ANALYZER_NUMBER_OBJECT_CONVERSION = YES_AGGRESSIVE;
				CLANG_CXX_LANGUAGE_STANDARD = "gnu++20";
				CLANG_ENABLE_MODULES = YES;
				CLANG_ENABLE_OBJC_ARC = YES;
				CLANG_ENABLE_OBJC_WEAK = YES;
				CLANG_WARN_BLOCK_CAPTURE_AUTORELEASING = YES;
				CLANG_WARN_BOOL_CONVERSION = YES;
				CLANG_WARN_COMMA = YES;
				CLANG_WARN_CONSTANT_CONVERSION = YES;
				CLANG_WARN_DEPRECATED_OBJC_IMPLEMENTATIONS = YES;
				CLANG_WARN_DIRECT_OBJC_ISA_USAGE = YES_ERROR;
				CLANG_WARN_DOCUMENTATION_COMMENTS = YES;
				CLANG_WARN_EMPTY_BODY = YES;
				CLANG_WARN_ENUM_CONVERSION = YES;
				CLANG_WARN_INFINITE_RECURSION = YES;
				CLANG_WARN_INT_CONVERSION = YES;
				CLANG_WARN_NON_LITERAL_NULL_CONVERSION = YES;
				CLANG_WARN_OBJC_IMPLICIT_RETAIN_SELF = YES;
				CLANG_WARN_OBJC_LITERAL_CONVERSION = YES;
				CLANG_WARN_OBJC_ROOT_CLASS = YES_ERROR;
				CLANG_WARN_QUOTED_INCLUDE_IN_FRAMEWORK_HEADER = YES;
				CLANG_WARN_RANGE_LOOP_ANALYSIS = YES;
				CLANG_WARN_STRICT_PROTOTYPES = YES;
				CLANG_WARN_SUSPICIOUS_MOVE = YES;
				CLANG_WARN_UNGUARDED_AVAILABILITY = YES_AGGRESSIVE;
				CLANG_WARN_UNREACHABLE_CODE = YES;
				CLANG_WARN__DUPLICATE_METHOD_MATCH = YES;
				COPY_PHASE_STRIP = NO;
				DEBUG_INFORMATION_FORMAT = dwarf;
				ENABLE_STRICT_OBJC_MSGSEND = YES;
				ENABLE_TESTABILITY = YES;
				ENABLE_USER_SCRIPT_SANDBOXING = YES;
				GCC_C_LANGUAGE_STANDARD = gnu17;
				GCC_DYNAMIC_NO_PIC = NO;
				GCC_NO_COMMON_BLOCKS = YES;
				GCC_OPTIMIZATION_LEVEL = 0;
				GCC_PREPROCESSOR_DEFINITIONS = (
					"DEBUG=1",
					"$(inherited)",
				);
				GCC_WARN_64_TO_32_BIT_CONVERSION = YES;
				GCC_WARN_ABOUT_RETURN_TYPE = YES_ERROR;
				GCC_WARN_UNDECLARED_SELECTOR = YES;
				GCC_WARN_UNINITIALIZED_AUTOS = YES_AGGRESSIVE;
				GCC_WARN_UNUSED_FUNCTION = YES;
				GCC_WARN_UNUSED_VARIABLE = YES;
				LOCALIZATION_PREFERS_STRING_CATALOGS = YES;
				MTL_ENABLE_DEBUG_INFO = INCLUDE_SOURCE;
				MTL_FAST_MATH = YES;
				ONLY_ACTIVE_ARCH = YES;
				SWIFT_ACTIVE_COMPILATION_CONDITIONS = "DEBUG $(inherited)";
				SWIFT_OPTIMIZATION_LEVEL = "-Onone";
			};
			name = Debug;
		};
		8B0CBC9A2D5A752D003EF58D /* Release */ = {
			isa = XCBuildConfiguration;
			buildSettings = {
				ALWAYS_SEARCH_USER_PATHS = NO;
				ASSETCATALOG_COMPILER_GENERATE_SWIFT_ASSET_SYMBOL_EXTENSIONS = YES;
				CLANG_ANALYZER_NONNULL = YES;
				CLANG_ANALYZER_NUMBER_OBJECT_CONVERSION = YES_AGGRESSIVE;
				CLANG_CXX_LANGUAGE_STANDARD = "gnu++20";
				CLANG_ENABLE_MODULES = YES;
				CLANG_ENABLE_OBJC_ARC = YES;
				CLANG_ENABLE_OBJC_WEAK = YES;
				CLANG_WARN_BLOCK_CAPTURE_AUTORELEASING = YES;
				CLANG_WARN_BOOL_CONVERSION = YES;
				CLANG_WARN_COMMA = YES;
				CLANG_WARN_CONSTANT_CONVERSION = YES;
				CLANG_WARN_DEPRECATED_OBJC_IMPLEMENTATIONS = YES;
				CLANG_WARN_DIRECT_OBJC_ISA_USAGE = YES_ERROR;
				CLANG_WARN_DOCUMENTATION_COMMENTS = YES;
				CLANG_WARN_EMPTY_BODY = YES;
				CLANG_WARN_ENUM_CONVERSION = YES;
				CLANG_WARN_INFINITE_RECURSION = YES;
				CLANG_WARN_INT_CONVERSION = YES;
				CLANG_WARN_NON_LITERAL_NULL_CONVERSION = YES;
				CLANG_WARN_OBJC_IMPLICIT_RETAIN_SELF = YES;
				CLANG_WARN_OBJC_LITERAL_CONVERSION = YES;
				CLANG_WARN_OBJC_ROOT_CLASS = YES_ERROR;
				CLANG_WARN_QUOTED_INCLUDE_IN_FRAMEWORK_HEADER = YES;
				CLANG_WARN_RANGE_LOOP_ANALYSIS = YES;
				CLANG_WARN_STRICT_PROTOTYPES = YES;
				CLANG_WARN_SUSPICIOUS_MOVE = YES;
				CLANG_WARN_UNGUARDED_AVAILABILITY = YES_AGGRESSIVE;
				CLANG_WARN_UNREACHABLE_CODE = YES;
				CLANG_WARN__DUPLICATE_METHOD_MATCH = YES;
				COPY_PHASE_STRIP = NO;
				DEBUG_INFORMATION_FORMAT = "dwarf-with-dsym";
				ENABLE_NS_ASSERTIONS = NO;
				ENABLE_STRICT_OBJC_MSGSEND = YES;
				ENABLE_USER_SCRIPT_SANDBOXING = YES;
				GCC_C_LANGUAGE_STANDARD = gnu17;
				GCC_NO_COMMON_BLOCKS = YES;
				GCC_WARN_64_TO_32_BIT_CONVERSION = YES;
				GCC_WARN_ABOUT_RETURN_TYPE = YES_ERROR;
				GCC_WARN_UNDECLARED_SELECTOR = YES;
				GCC_WARN_UNINITIALIZED_AUTOS = YES_AGGRESSIVE;
				GCC_WARN_UNUSED_FUNCTION = YES;
				GCC_WARN_UNUSED_VARIABLE = YES;
				LOCALIZATION_PREFERS_STRING_CATALOGS = YES;
				MTL_ENABLE_DEBUG_INFO = NO;
				MTL_FAST_MATH = YES;
				SWIFT_COMPILATION_MODE = wholemodule;
			};
			name = Release;
		};
		8B0CBC9C2D5A752D003EF58D /* Debug */ = {
			isa = XCBuildConfiguration;
			buildSettings = {
				ASSETCATALOG_COMPILER_APPICON_NAME = AppIcon;
				ASSETCATALOG_COMPILER_GLOBAL_ACCENT_COLOR_NAME = AccentColor;
				CODE_SIGN_ENTITLEMENTS = aiaio/aiaio.entitlements;
				CODE_SIGN_STYLE = Automatic;
				CURRENT_PROJECT_VERSION = 1;
				DEVELOPMENT_ASSET_PATHS = "\"aiaio/Preview Content\"";
				DEVELOPMENT_TEAM = 4VKMZM6785;
				ENABLE_HARDENED_RUNTIME = YES;
				ENABLE_PREVIEWS = YES;
				ENABLE_STRICT_CONCURRENCY = YES;
				ENABLE_USER_SCRIPT_SANDBOXING = YES;
				GCC_TREAT_WARNINGS_AS_ERRORS = YES;
				GENERATE_INFOPLIST_FILE = YES;
				INFOPLIST_KEY_CFBundleDisplayName = AiAiO;
				"INFOPLIST_KEY_UIApplicationSceneManifest_Generation[sdk=iphoneos*]" = YES;
				"INFOPLIST_KEY_UIApplicationSceneManifest_Generation[sdk=iphonesimulator*]" = YES;
				"INFOPLIST_KEY_UIApplicationSupportsIndirectInputEvents[sdk=iphoneos*]" = YES;
				"INFOPLIST_KEY_UIApplicationSupportsIndirectInputEvents[sdk=iphonesimulator*]" = YES;
				"INFOPLIST_KEY_UILaunchScreen_Generation[sdk=iphoneos*]" = YES;
				"INFOPLIST_KEY_UILaunchScreen_Generation[sdk=iphonesimulator*]" = YES;
				"INFOPLIST_KEY_UIStatusBarStyle[sdk=iphoneos*]" = UIStatusBarStyleDefault;
				"INFOPLIST_KEY_UIStatusBarStyle[sdk=iphonesimulator*]" = UIStatusBarStyleDefault;
				INFOPLIST_KEY_UISupportedInterfaceOrientations = "UIInterfaceOrientationLandscapeLeft UIInterfaceOrientationLandscapeRight UIInterfaceOrientationPortrait UIInterfaceOrientationPortraitUpsideDown";
				IPHONEOS_DEPLOYMENT_TARGET = 18.2;
				LD_RUNPATH_SEARCH_PATHS = "@executable_path/Frameworks";
				"LD_RUNPATH_SEARCH_PATHS[sdk=macosx*]" = "@executable_path/../Frameworks";
				MARKETING_VERSION = 1.0;
				PRODUCT_BUNDLE_IDENTIFIER = gauntlet.aiaio;
				PRODUCT_NAME = "$(TARGET_NAME)";
				SDKROOT = auto;
				SUPPORTED_PLATFORMS = "iphoneos iphonesimulator";
				SUPPORTS_MACCATALYST = NO;
				SWIFT_ACTIVE_COMPILATION_CONDITIONS = "DEBUG STRICT_CONCURRENCY";
				SWIFT_EMIT_LOC_STRINGS = YES;
				SWIFT_STRICT_CONCURRENCY = complete;
				SWIFT_TREAT_WARNINGS_AS_ERRORS = YES;
				SWIFT_VERSION = 5.0;
				TARGETED_DEVICE_FAMILY = "1,2";
				XROS_DEPLOYMENT_TARGET = 2.2;
			};
			name = Debug;
		};
		8B0CBC9D2D5A752D003EF58D /* Release */ = {
			isa = XCBuildConfiguration;
			buildSettings = {
				ASSETCATALOG_COMPILER_APPICON_NAME = AppIcon;
				ASSETCATALOG_COMPILER_GLOBAL_ACCENT_COLOR_NAME = AccentColor;
				CODE_SIGN_ENTITLEMENTS = aiaio/aiaio.entitlements;
				CODE_SIGN_STYLE = Automatic;
				CURRENT_PROJECT_VERSION = 1;
				DEVELOPMENT_ASSET_PATHS = "\"aiaio/Preview Content\"";
				DEVELOPMENT_TEAM = 4VKMZM6785;
				ENABLE_HARDENED_RUNTIME = YES;
				ENABLE_PREVIEWS = YES;
				ENABLE_STRICT_CONCURRENCY = YES;
				ENABLE_USER_SCRIPT_SANDBOXING = YES;
				GCC_TREAT_WARNINGS_AS_ERRORS = YES;
				GENERATE_INFOPLIST_FILE = YES;
				INFOPLIST_KEY_CFBundleDisplayName = AiAiO;
				"INFOPLIST_KEY_UIApplicationSceneManifest_Generation[sdk=iphoneos*]" = YES;
				"INFOPLIST_KEY_UIApplicationSceneManifest_Generation[sdk=iphonesimulator*]" = YES;
				"INFOPLIST_KEY_UIApplicationSupportsIndirectInputEvents[sdk=iphoneos*]" = YES;
				"INFOPLIST_KEY_UIApplicationSupportsIndirectInputEvents[sdk=iphonesimulator*]" = YES;
				"INFOPLIST_KEY_UILaunchScreen_Generation[sdk=iphoneos*]" = YES;
				"INFOPLIST_KEY_UILaunchScreen_Generation[sdk=iphonesimulator*]" = YES;
				"INFOPLIST_KEY_UIStatusBarStyle[sdk=iphoneos*]" = UIStatusBarStyleDefault;
				"INFOPLIST_KEY_UIStatusBarStyle[sdk=iphonesimulator*]" = UIStatusBarStyleDefault;
				INFOPLIST_KEY_UISupportedInterfaceOrientations = "UIInterfaceOrientationLandscapeLeft UIInterfaceOrientationLandscapeRight UIInterfaceOrientationPortrait UIInterfaceOrientationPortraitUpsideDown";
				IPHONEOS_DEPLOYMENT_TARGET = 18.2;
				LD_RUNPATH_SEARCH_PATHS = "@executable_path/Frameworks";
				"LD_RUNPATH_SEARCH_PATHS[sdk=macosx*]" = "@executable_path/../Frameworks";
				MARKETING_VERSION = 1.0;
				PRODUCT_BUNDLE_IDENTIFIER = gauntlet.aiaio;
				PRODUCT_NAME = "$(TARGET_NAME)";
				SDKROOT = auto;
				SUPPORTED_PLATFORMS = "iphoneos iphonesimulator";
				SUPPORTS_MACCATALYST = NO;
				SWIFT_EMIT_LOC_STRINGS = YES;
				SWIFT_VERSION = 5.0;
				TARGETED_DEVICE_FAMILY = "1,2";
				XROS_DEPLOYMENT_TARGET = 2.2;
			};
			name = Release;
		};
		8B0CBC9F2D5A752D003EF58D /* Debug */ = {
			isa = XCBuildConfiguration;
			buildSettings = {
				BUNDLE_LOADER = "$(TEST_HOST)";
				CODE_SIGN_STYLE = Automatic;
				CURRENT_PROJECT_VERSION = 1;
				DEVELOPMENT_TEAM = 4VKMZM6785;
				GENERATE_INFOPLIST_FILE = YES;
				IPHONEOS_DEPLOYMENT_TARGET = 18.2;
				MACOSX_DEPLOYMENT_TARGET = 15.2;
				MARKETING_VERSION = 1.0;
				PRODUCT_BUNDLE_IDENTIFIER = gauntlet.aiaioTests;
				PRODUCT_NAME = "$(TARGET_NAME)";
				SDKROOT = auto;
				SUPPORTED_PLATFORMS = "iphoneos iphonesimulator macosx xros xrsimulator";
				SWIFT_EMIT_LOC_STRINGS = NO;
				SWIFT_VERSION = 5.0;
				TARGETED_DEVICE_FAMILY = "1,2,7";
				TEST_HOST = "$(BUILT_PRODUCTS_DIR)/aiaio.app/$(BUNDLE_EXECUTABLE_FOLDER_PATH)/aiaio";
				XROS_DEPLOYMENT_TARGET = 2.2;
			};
			name = Debug;
		};
		8B0CBCA02D5A752D003EF58D /* Release */ = {
			isa = XCBuildConfiguration;
			buildSettings = {
				BUNDLE_LOADER = "$(TEST_HOST)";
				CODE_SIGN_STYLE = Automatic;
				CURRENT_PROJECT_VERSION = 1;
				DEVELOPMENT_TEAM = 4VKMZM6785;
				GENERATE_INFOPLIST_FILE = YES;
				IPHONEOS_DEPLOYMENT_TARGET = 18.2;
				MACOSX_DEPLOYMENT_TARGET = 15.2;
				MARKETING_VERSION = 1.0;
				PRODUCT_BUNDLE_IDENTIFIER = gauntlet.aiaioTests;
				PRODUCT_NAME = "$(TARGET_NAME)";
				SDKROOT = auto;
				SUPPORTED_PLATFORMS = "iphoneos iphonesimulator macosx xros xrsimulator";
				SWIFT_EMIT_LOC_STRINGS = NO;
				SWIFT_VERSION = 5.0;
				TARGETED_DEVICE_FAMILY = "1,2,7";
				TEST_HOST = "$(BUILT_PRODUCTS_DIR)/aiaio.app/$(BUNDLE_EXECUTABLE_FOLDER_PATH)/aiaio";
				XROS_DEPLOYMENT_TARGET = 2.2;
			};
			name = Release;
		};
		8B0CBCA22D5A752D003EF58D /* Debug */ = {
			isa = XCBuildConfiguration;
			buildSettings = {
				CODE_SIGN_STYLE = Automatic;
				CURRENT_PROJECT_VERSION = 1;
				DEVELOPMENT_TEAM = 4VKMZM6785;
				GENERATE_INFOPLIST_FILE = YES;
				IPHONEOS_DEPLOYMENT_TARGET = 18.2;
				MACOSX_DEPLOYMENT_TARGET = 15.2;
				MARKETING_VERSION = 1.0;
				PRODUCT_BUNDLE_IDENTIFIER = gauntlet.aiaioUITests;
				PRODUCT_NAME = "$(TARGET_NAME)";
				SDKROOT = auto;
				SUPPORTED_PLATFORMS = "iphoneos iphonesimulator macosx xros xrsimulator";
				SWIFT_EMIT_LOC_STRINGS = NO;
				SWIFT_VERSION = 5.0;
				TARGETED_DEVICE_FAMILY = "1,2,7";
				TEST_TARGET_NAME = aiaio;
				XROS_DEPLOYMENT_TARGET = 2.2;
			};
			name = Debug;
		};
		8B0CBCA32D5A752D003EF58D /* Release */ = {
			isa = XCBuildConfiguration;
			buildSettings = {
				CODE_SIGN_STYLE = Automatic;
				CURRENT_PROJECT_VERSION = 1;
				DEVELOPMENT_TEAM = 4VKMZM6785;
				GENERATE_INFOPLIST_FILE = YES;
				IPHONEOS_DEPLOYMENT_TARGET = 18.2;
				MACOSX_DEPLOYMENT_TARGET = 15.2;
				MARKETING_VERSION = 1.0;
				PRODUCT_BUNDLE_IDENTIFIER = gauntlet.aiaioUITests;
				PRODUCT_NAME = "$(TARGET_NAME)";
				SDKROOT = auto;
				SUPPORTED_PLATFORMS = "iphoneos iphonesimulator macosx xros xrsimulator";
				SWIFT_EMIT_LOC_STRINGS = NO;
				SWIFT_VERSION = 5.0;
				TARGETED_DEVICE_FAMILY = "1,2,7";
				TEST_TARGET_NAME = aiaio;
				XROS_DEPLOYMENT_TARGET = 2.2;
			};
			name = Release;
		};
/* End XCBuildConfiguration section */

/* Begin XCConfigurationList section */
		8B0CBC6F2D5A752C003EF58D /* Build configuration list for PBXProject "aiaio" */ = {
			isa = XCConfigurationList;
			buildConfigurations = (
				8B0CBC992D5A752D003EF58D /* Debug */,
				8B0CBC9A2D5A752D003EF58D /* Release */,
			);
			defaultConfigurationIsVisible = 0;
			defaultConfigurationName = Release;
		};
		8B0CBC9B2D5A752D003EF58D /* Build configuration list for PBXNativeTarget "aiaio" */ = {
			isa = XCConfigurationList;
			buildConfigurations = (
				8B0CBC9C2D5A752D003EF58D /* Debug */,
				8B0CBC9D2D5A752D003EF58D /* Release */,
			);
			defaultConfigurationIsVisible = 0;
			defaultConfigurationName = Release;
		};
		8B0CBC9E2D5A752D003EF58D /* Build configuration list for PBXNativeTarget "aiaioTests" */ = {
			isa = XCConfigurationList;
			buildConfigurations = (
				8B0CBC9F2D5A752D003EF58D /* Debug */,
				8B0CBCA02D5A752D003EF58D /* Release */,
			);
			defaultConfigurationIsVisible = 0;
			defaultConfigurationName = Release;
		};
		8B0CBCA12D5A752D003EF58D /* Build configuration list for PBXNativeTarget "aiaioUITests" */ = {
			isa = XCConfigurationList;
			buildConfigurations = (
				8B0CBCA22D5A752D003EF58D /* Debug */,
				8B0CBCA32D5A752D003EF58D /* Release */,
			);
			defaultConfigurationIsVisible = 0;
			defaultConfigurationName = Release;
		};
/* End XCConfigurationList section */

/* Begin XCRemoteSwiftPackageReference section */
		8B9D14002D5AB441003EF58D /* XCRemoteSwiftPackageReference "firebase-ios-sdk" */ = {
			isa = XCRemoteSwiftPackageReference;
			repositoryURL = "https://github.com/firebase/firebase-ios-sdk";
			requirement = {
				kind = upToNextMajorVersion;
				minimumVersion = 11.8.1;
			};
		};
/* End XCRemoteSwiftPackageReference section */

/* Begin XCSwiftPackageProductDependency section */
		8B9D14012D5AB441003EF58D /* FirebaseAnalytics */ = {
			isa = XCSwiftPackageProductDependency;
			package = 8B9D14002D5AB441003EF58D /* XCRemoteSwiftPackageReference "firebase-ios-sdk" */;
			productName = FirebaseAnalytics;
		};
		8B9D14032D5AB441003EF58D /* FirebaseAuth */ = {
			isa = XCSwiftPackageProductDependency;
			package = 8B9D14002D5AB441003EF58D /* XCRemoteSwiftPackageReference "firebase-ios-sdk" */;
			productName = FirebaseAuth;
		};
		8B9D14052D5AB441003EF58D /* FirebaseCore */ = {
			isa = XCSwiftPackageProductDependency;
			package = 8B9D14002D5AB441003EF58D /* XCRemoteSwiftPackageReference "firebase-ios-sdk" */;
			productName = FirebaseCore;
		};
		8B9D14072D5AB441003EF58D /* FirebaseFirestore */ = {
			isa = XCSwiftPackageProductDependency;
			package = 8B9D14002D5AB441003EF58D /* XCRemoteSwiftPackageReference "firebase-ios-sdk" */;
			productName = FirebaseFirestore;
		};
		8B9D14092D5AB441003EF58D /* FirebaseFunctions */ = {
			isa = XCSwiftPackageProductDependency;
			package = 8B9D14002D5AB441003EF58D /* XCRemoteSwiftPackageReference "firebase-ios-sdk" */;
			productName = FirebaseFunctions;
		};
		8B9D140B2D5AB441003EF58D /* FirebaseRemoteConfig */ = {
			isa = XCSwiftPackageProductDependency;
			package = 8B9D14002D5AB441003EF58D /* XCRemoteSwiftPackageReference "firebase-ios-sdk" */;
			productName = FirebaseRemoteConfig;
		};
		8B9D140D2D5AB441003EF58D /* FirebaseStorage */ = {
			isa = XCSwiftPackageProductDependency;
			package = 8B9D14002D5AB441003EF58D /* XCRemoteSwiftPackageReference "firebase-ios-sdk" */;
			productName = FirebaseStorage;
		};
		8B9D140F2D5AB469003EF58D /* FirebaseAuth */ = {
			isa = XCSwiftPackageProductDependency;
			package = 8B9D14002D5AB441003EF58D /* XCRemoteSwiftPackageReference "firebase-ios-sdk" */;
			productName = FirebaseAuth;
		};
		8B9D14112D5AB469003EF58D /* FirebaseFirestore */ = {
			isa = XCSwiftPackageProductDependency;
			package = 8B9D14002D5AB441003EF58D /* XCRemoteSwiftPackageReference "firebase-ios-sdk" */;
			productName = FirebaseFirestore;
		};
		8B9D14132D5AB469003EF58D /* FirebaseFunctions */ = {
			isa = XCSwiftPackageProductDependency;
			package = 8B9D14002D5AB441003EF58D /* XCRemoteSwiftPackageReference "firebase-ios-sdk" */;
			productName = FirebaseFunctions;
		};
		8B9D14152D5AB469003EF58D /* FirebaseStorage */ = {
			isa = XCSwiftPackageProductDependency;
			package = 8B9D14002D5AB441003EF58D /* XCRemoteSwiftPackageReference "firebase-ios-sdk" */;
			productName = FirebaseStorage;
		};
/* End XCSwiftPackageProductDependency section */
	};
	rootObject = 8B0CBC6C2D5A752C003EF58D /* Project object */;
}
